Microsoft Visual Studio Solution File, Format Version 12.00
# Visual Studio Version 17
VisualStudioVersion = 17.5.2.0
MinimumVisualStudioVersion = 10.0.40219.1
Project("{2150E333-8FDC-42A3-9474-1A3956D46DE8}") = "projects", "projects", "{17245595-230B-9055-A944-863F0DDDA8E8}"
EndProject
Project("{2150E333-8FDC-42A3-9474-1A3956D46DE8}") = "templates", "templates", "{808186BE-9BD0-DD1D-D574-36EEAD1E7F8F}"
EndProject
Project("{2150E333-8FDC-42A3-9474-1A3956D46DE8}") = "tests", "tests", "{0AB3BF05-4346-4AA6-1389-037BE0695223}"
EndProject
Project("{2150E333-8FDC-42A3-9474-1A3956D46DE8}") = "exercises", "exercises", "{72EF5EB1-B308-CD20-4E1B-89C2486FD9E1}"
EndProject
Project("{2150E333-8FDC-42A3-9474-1A3956D46DE8}") = "solutions", "solutions", "{5A177B4B-6BD0-B7EC-F049-C9C04D6D229D}"
EndProject
Project("{FAE04EC0-301F-11D3-BF4B-00C04F79EFBC}") = "NumberGuessingGame", "projects\01-number-guessing-game\NumberGuessingGame.csproj", "{CBF163AB-E100-9D94-D049-15280FAF5A7C}"
EndProject
Project("{FAE04EC0-301F-11D3-BF4B-00C04F79EFBC}") = "WordStatistics", "projects\02-word-statistics\WordStatistics.csproj", "{E6AB2E43-D853-F208-D9A8-DBADEE0F40B8}"
EndProject
Project("{FAE04EC0-301F-11D3-BF4B-00C04F79EFBC}") = "ConsoleApp", "templates\console-app\ConsoleApp.csproj", "{7201BF3C-AF82-4D5E-BA02-1EDE4F197809}"
EndProject
Project("{FAE04EC0-301F-11D3-BF4B-00C04F79EFBC}") = "XUnitProject", "templates\xunit-project\XUnitProject.csproj", "{AE2FA1BC-9093-F766-CD46-D0459A26DB3B}"
EndProject
Project("{FAE04EC0-301F-11D3-BF4B-00C04F79EFBC}") = "01-intro.Tests", "tests\01-intro.Tests\01-intro.Tests.csproj", "{08475E84-2255-1867-2E04-77B77699B5C0}"
EndProject
Project("{FAE04EC0-301F-11D3-BF4B-00C04F79EFBC}") = "IntroTests", "tests\01-intro.Tests\IntroTests.csproj", "{C2BE9946-F64C-5796-0229-A1DB2E4DDCAF}"
EndProject
Project("{FAE04EC0-301F-11D3-BF4B-00C04F79EFBC}") = "02-sequence.Tests", "tests\02-sequence.Tests\02-sequence.Tests.csproj", "{8F78B3A2-9662-65A5-AD93-B45546DF929C}"
EndProject
Project("{FAE04EC0-301F-11D3-BF4B-00C04F79EFBC}") = "03-variables.Tests", "tests\03-variables.Tests\03-variables.Tests.csproj", "{28889E00-9EE0-9516-AE23-0586C6509EB9}"
EndProject
Project("{FAE04EC0-301F-11D3-BF4B-00C04F79EFBC}") = "04-operators.Tests", "tests\04-operators.Tests\04-operators.Tests.csproj", "{8960F35D-CF04-429A-5CA7-464B97E805FB}"
EndProject
Project("{FAE04EC0-301F-11D3-BF4B-00C04F79EFBC}") = "05-io.Tests", "tests\05-io.Tests\05-io.Tests.csproj", "{3E38396B-BD11-48B2-4204-4681AB94F585}"
EndProject
Project("{FAE04EC0-301F-11D3-BF4B-00C04F79EFBC}") = "06-selections.Tests", "tests\06-selections.Tests\06-selections.Tests.csproj", "{40ED1A6D-43FA-DF38-7E54-6B9D09792574}"
EndProject
Project("{FAE04EC0-301F-11D3-BF4B-00C04F79EFBC}") = "07-iterations.Tests", "tests\07-iterations.Tests\07-iterations.Tests.csproj", "{5B7CC8EC-5CCC-47D4-62FB-0C5B2675EB58}"
EndProject
Project("{FAE04EC0-301F-11D3-BF4B-00C04F79EFBC}") = "08-functions.Tests", "tests\08-functions.Tests\08-functions.Tests.csproj", "{C6EC234A-9070-E9FD-9338-B9AF0C02AD2F}"
EndProject
Project("{FAE04EC0-301F-11D3-BF4B-00C04F79EFBC}") = "09-arrays-lists.Tests", "tests\09-arrays-lists.Tests\09-arrays-lists.Tests.csproj", "{A7D1606F-EFD9-052C-3940-9397FDCA49D7}"
EndProject
Project("{2150E333-8FDC-42A3-9474-1A3956D46DE8}") = "01-intro", "01-intro", "{C4A1AFC1-1F6A-E553-E811-ECCF1AFD16E9}"
EndProject
Project("{FAE04EC0-301F-11D3-BF4B-00C04F79EFBC}") = "HelloWorld", "exercises\01-intro\01-hello-world\HelloWorld.csproj", "{58689A9D-B4EC-B6B3-F6C9-7B67A9D7D4B4}"
EndProject
Project("{FAE04EC0-301F-11D3-BF4B-00C04F79EFBC}") = "MultipleOutputs", "exercises\01-intro\02-multiple-outputs\MultipleOutputs.csproj", "{0FB03A03-89AA-7564-D610-8A8A5FCFA334}"
EndProject
Project("{FAE04EC0-301F-11D3-BF4B-00C04F79EFBC}") = "CommentsAndCode", "exercises\01-intro\03-comments-and-code\CommentsAndCode.csproj", "{5FD3FFCC-FDC4-064E-9164-7E1393DC3C81}"
EndProject
Project("{2150E333-8FDC-42A3-9474-1A3956D46DE8}") = "02-sequence", "02-sequence", "{D9113255-348E-05CC-FDC8-9DAAFFBF5292}"
EndProject
Project("{FAE04EC0-301F-11D3-BF4B-00C04F79EFBC}") = "SimpleCalculator", "exercises\02-sequence\01-simple-calculator\SimpleCalculator.csproj", "{8E912846-E864-3231-1090-E7EC6CE9736C}"
EndProject
Project("{FAE04EC0-301F-11D3-BF4B-00C04F79EFBC}") = "OrderOfOperations", "exercises\02-sequence\02-order-of-operations\OrderOfOperations.csproj", "{9E54E89F-6020-0074-83EB-FB12022D87E4}"
EndProject
Project("{2150E333-8FDC-42A3-9474-1A3956D46DE8}") = "03-variables", "03-variables", "{05A0C3A8-4AF1-A092-DEC5-1A48C82DD361}"
EndProject
Project("{FAE04EC0-301F-11D3-BF4B-00C04F79EFBC}") = "PersonalInfo", "exercises\03-variables\01-personal-info\PersonalInfo.csproj", "{EC8E3BC2-152C-AD4B-0930-D966942B1470}"
EndProject
Project("{FAE04EC0-301F-11D3-BF4B-00C04F79EFBC}") = "TypeConversion", "exercises\03-variables\02-type-conversion\TypeConversion.csproj", "{7DDCA16A-7057-7AF7-1E00-D087E2A0DEF4}"
EndProject
Project("{2150E333-8FDC-42A3-9474-1A3956D46DE8}") = "04-operators", "04-operators", "{D0101B2F-C8EB-8A71-6244-4EB6FBC35800}"
EndProject
Project("{FAE04EC0-301F-11D3-BF4B-00C04F79EFBC}") = "GradeCalculator", "exercises\04-operators\01-grade-calculator\GradeCalculator.csproj", "{E8E0A4BF-230A-626F-CCD5-8A154D20064C}"
EndProject
Project("{FAE04EC0-301F-11D3-BF4B-00C04F79EFBC}") = "NumberAnalyzer", "exercises\04-operators\02-number-analyzer\NumberAnalyzer.csproj", "{02DDDB8F-5A3C-6843-9B43-FABE326F0A5B}"
EndProject
Project("{2150E333-8FDC-42A3-9474-1A3956D46DE8}") = "05-io", "05-io", "{3E2AAE3B-6596-4BAF-BA7E-25EDB6EA9D86}"
EndProject
Project("{FAE04EC0-301F-11D3-BF4B-00C04F79EFBC}") = "UserInfoCollector", "exercises\05-io\01-user-info-collector\UserInfoCollector.csproj", "{D5B5C071-74C4-4E78-113C-425CC79F5AD5}"
EndProject
Project("{FAE04EC0-301F-11D3-BF4B-00C04F79EFBC}") = "SafeInputCalculator", "exercises\05-io\02-safe-input-calculator\SafeInputCalculator.csproj", "{364E7E49-6F1C-A792-08F4-40D268CCF15B}"
EndProject
Project("{2150E333-8FDC-42A3-9474-1A3956D46DE8}") = "06-selections", "06-selections", "{B2684410-3E19-EFAF-EE16-242187DA0922}"
EndProject
Project("{FAE04EC0-301F-11D3-BF4B-00C04F79EFBC}") = "GradeClassifier", "exercises\06-selections\01-grade-classifier\GradeClassifier.csproj", "{41FD09F8-35A9-F855-FF79-243026ACD03D}"
EndProject
Project("{FAE04EC0-301F-11D3-BF4B-00C04F79EFBC}") = "MenuSystem", "exercises\06-selections\02-menu-system\MenuSystem.csproj", "{E2C2F977-132F-628D-4611-24253551ED51}"
EndProject
Project("{2150E333-8FDC-42A3-9474-1A3956D46DE8}") = "07-iterations", "07-iterations", "{C12CC272-35D7-29E6-787C-8674A9CEFDD7}"
EndProject
Project("{FAE04EC0-301F-11D3-BF4B-00C04F79EFBC}") = "MultiplicationTable", "exercises\07-iterations\01-multiplication-table\MultiplicationTable.csproj", "{7A01B68B-B1A2-A682-A54E-D66ED63A49AF}"
EndProject
Project("{FAE04EC0-301F-11D3-BF4B-00C04F79EFBC}") = "NumberAccumulator", "exercises\07-iterations\02-number-accumulator\NumberAccumulator.csproj", "{BB9C870B-45C8-05A2-0E77-D5383E0EEAC2}"
EndProject
Project("{2150E333-8FDC-42A3-9474-1A3956D46DE8}") = "08-functions", "08-functions", "{0AD236F7-1751-C92E-F22D-C113A5EFC04D}"
EndProject
Project("{FAE04EC0-301F-11D3-BF4B-00C04F79EFBC}") = "CalculatorMethods", "exercises\08-functions\01-calculator-methods\CalculatorMethods.csproj", "{8D01665D-2C87-28C2-1199-BCB4E7607F94}"
EndProject
Project("{FAE04EC0-301F-11D3-BF4B-00C04F79EFBC}") = "UtilityMethods", "exercises\08-functions\02-utility-methods\UtilityMethods.csproj", "{21BE9557-0092-1128-04F8-57FE36A2BCA0}"
EndProject
Project("{2150E333-8FDC-42A3-9474-1A3956D46DE8}") = "09-arrays-lists", "09-arrays-lists", "{CA7E1200-C8C1-4280-CF0F-847164547639}"
EndProject
Project("{FAE04EC0-301F-11D3-BF4B-00C04F79EFBC}") = "GradeAnalyzer", "exercises\09-arrays-lists\01-grade-analyzer\GradeAnalyzer.csproj", "{6C7FA694-59CB-23DD-7D31-3033C41BFB20}"
EndProject
Project("{FAE04EC0-301F-11D3-BF4B-00C04F79EFBC}") = "ShoppingList", "exercises\09-arrays-lists\02-shopping-list\ShoppingList.csproj", "{7095CAB6-1AC3-3C9F-03BA-98C94BA7218C}"
EndProject
Project("{2150E333-8FDC-42A3-9474-1A3956D46DE8}") = "01-intro", "01-intro", "{CE145698-30C4-2BD4-D424-A45184758F42}"
EndProject
Project("{FAE04EC0-301F-11D3-BF4B-00C04F79EFBC}") = "HelloWorld", "solutions\01-intro\01-hello-world\HelloWorld.csproj", "{20CB950A-F8AA-F4F7-BE6A-42BEB7A85A54}"
EndProject
Project("{FAE04EC0-301F-11D3-BF4B-00C04F79EFBC}") = "MultipleOutputs", "solutions\01-intro\02-multiple-outputs\MultipleOutputs.csproj", "{252A72E7-E98E-4FC1-17C6-687E9A21C8BC}"
EndProject
Project("{FAE04EC0-301F-11D3-BF4B-00C04F79EFBC}") = "CommentsAndCode", "solutions\01-intro\03-comments-and-code\CommentsAndCode.csproj", "{D8D4BCE2-5CF0-B6D5-628E-063B68DD056A}"
EndProject
Project("{2150E333-8FDC-42A3-9474-1A3956D46DE8}") = "02-sequence", "02-sequence", "{64739CDF-6304-7991-5358-08924E134F7F}"
EndProject
Project("{FAE04EC0-301F-11D3-BF4B-00C04F79EFBC}") = "SimpleCalculator", "solutions\02-sequence\01-simple-calculator\SimpleCalculator.csproj", "{A9736713-A265-73F4-821D-7205D1595822}"
EndProject
Project("{FAE04EC0-301F-11D3-BF4B-00C04F79EFBC}") = "OrderOfOperations", "solutions\02-sequence\02-order-of-operations\OrderOfOperations.csproj", "{111B849D-946C-9AB5-645C-6C62333DA16D}"
EndProject
Project("{2150E333-8FDC-42A3-9474-1A3956D46DE8}") = "03-variables", "03-variables", "{F46EB1E6-557F-8E18-C884-7F8EF5779DA6}"
EndProject
Project("{FAE04EC0-301F-11D3-BF4B-00C04F79EFBC}") = "PersonalInfo", "solutions\03-variables\01-personal-info\PersonalInfo.csproj", "{0DDF1C4F-51E8-1666-6438-B242A55C620F}"
EndProject
Project("{FAE04EC0-301F-11D3-BF4B-00C04F79EFBC}") = "TypeConversion", "solutions\03-variables\02-type-conversion\TypeConversion.csproj", "{BD11F4CC-DC5A-4A06-B618-FC6B5956DDA1}"
EndProject
Project("{2150E333-8FDC-42A3-9474-1A3956D46DE8}") = "04-operators", "04-operators", "{AE6F5B9C-219E-635F-A071-F1E55FDB7950}"
EndProject
Project("{FAE04EC0-301F-11D3-BF4B-00C04F79EFBC}") = "GradeCalculator", "solutions\04-operators\01-grade-calculator\GradeCalculator.csproj", "{721D0DF5-D0A0-FD40-6C93-9A796E0C7717}"
EndProject
Project("{FAE04EC0-301F-11D3-BF4B-00C04F79EFBC}") = "NumberAnalyzer", "solutions\04-operators\02-number-analyzer\NumberAnalyzer.csproj", "{FEB4D927-C768-D3A2-3C3B-894586ACDFF9}"
EndProject
Project("{2150E333-8FDC-42A3-9474-1A3956D46DE8}") = "05-io", "05-io", "{E2630450-42FC-E5F1-B81F-FA5AE5DC2CC3}"
EndProject
Project("{FAE04EC0-301F-11D3-BF4B-00C04F79EFBC}") = "UserInfoCollector", "solutions\05-io\01-user-info-collector\UserInfoCollector.csproj", "{96282C01-979A-CCF3-37F2-0FE0510A79C6}"
EndProject
Project("{FAE04EC0-301F-11D3-BF4B-00C04F79EFBC}") = "SafeInputCalculator", "solutions\05-io\02-safe-input-calculator\SafeInputCalculator.csproj", "{53F9DCE8-628A-37CD-C8E3-4DED18A7B82A}"
EndProject
Project("{2150E333-8FDC-42A3-9474-1A3956D46DE8}") = "06-selections", "06-selections", "{DB31C158-1DAA-FD78-F516-CF76BE50B425}"
EndProject
Project("{FAE04EC0-301F-11D3-BF4B-00C04F79EFBC}") = "GradeClassifier", "solutions\06-selections\01-grade-classifier\GradeClassifier.csproj", "{B1786E8A-2851-0139-0020-31AE66EC42CB}"
EndProject
Project("{FAE04EC0-301F-11D3-BF4B-00C04F79EFBC}") = "MenuSystem", "solutions\06-selections\02-menu-system\MenuSystem.csproj", "{9A29F189-2488-72DE-27FF-745F95ED64A6}"
EndProject
Project("{2150E333-8FDC-42A3-9474-1A3956D46DE8}") = "07-iterations", "07-iterations", "{5F097AF3-BCEB-3711-B73D-25868EFD0DD8}"
EndProject
Project("{FAE04EC0-301F-11D3-BF4B-00C04F79EFBC}") = "MultiplicationTable", "solutions\07-iterations\01-multiplication-table\MultiplicationTable.csproj", "{761CBC75-3727-FA93-97BA-DDBA7D56B7D7}"
EndProject
Project("{FAE04EC0-301F-11D3-BF4B-00C04F79EFBC}") = "NumberAccumulator", "solutions\07-iterations\02-number-accumulator\NumberAccumulator.csproj", "{193344F0-45E5-53B0-22A0-406A73F20540}"
EndProject
Project("{2150E333-8FDC-42A3-9474-1A3956D46DE8}") = "08-functions", "08-functions", "{F6550FFD-F0B8-FFE5-6DAA-DE9174224B3A}"
EndProject
Project("{FAE04EC0-301F-11D3-BF4B-00C04F79EFBC}") = "CalculatorMethods", "solutions\08-functions\01-calculator-methods\CalculatorMethods.csproj", "{27AC9202-E787-27BE-F432-829494820533}"
EndProject
Project("{FAE04EC0-301F-11D3-BF4B-00C04F79EFBC}") = "UtilityMethods", "solutions\08-functions\02-utility-methods\UtilityMethods.csproj", "{6B1473A7-3DD4-326D-1DA5-123370CF5238}"
EndProject
Project("{2150E333-8FDC-42A3-9474-1A3956D46DE8}") = "09-arrays-lists", "09-arrays-lists", "{F4BB2B83-F153-25D2-BD52-9C2D45B4FA6E}"
EndProject
Project("{FAE04EC0-301F-11D3-BF4B-00C04F79EFBC}") = "GradeAnalyzer", "solutions\09-arrays-lists\01-grade-analyzer\GradeAnalyzer.csproj", "{221F9ECE-FA39-80CD-5AAE-4D32D9DA6535}"
EndProject
Project("{FAE04EC0-301F-11D3-BF4B-00C04F79EFBC}") = "ShoppingList", "solutions\09-arrays-lists\02-shopping-list\ShoppingList.csproj", "{13B4E228-C200-E4FA-35E2-9C7EBAA44171}"
EndProject
Global
	GlobalSection(SolutionConfigurationPlatforms) = preSolution
		Debug|Any CPU = Debug|Any CPU
		Release|Any CPU = Release|Any CPU
	EndGlobalSection
	GlobalSection(ProjectConfigurationPlatforms) = postSolution
		{CBF163AB-E100-9D94-D049-15280FAF5A7C}.Debug|Any CPU.ActiveCfg = Debug|Any CPU
		{CBF163AB-E100-9D94-D049-15280FAF5A7C}.Debug|Any CPU.Build.0 = Debug|Any CPU
		{CBF163AB-E100-9D94-D049-15280FAF5A7C}.Release|Any CPU.ActiveCfg = Release|Any CPU
		{CBF163AB-E100-9D94-D049-15280FAF5A7C}.Release|Any CPU.Build.0 = Release|Any CPU
		{E6AB2E43-D853-F208-D9A8-DBADEE0F40B8}.Debug|Any CPU.ActiveCfg = Debug|Any CPU
		{E6AB2E43-D853-F208-D9A8-DBADEE0F40B8}.Debug|Any CPU.Build.0 = Debug|Any CPU
		{E6AB2E43-D853-F208-D9A8-DBADEE0F40B8}.Release|Any CPU.ActiveCfg = Release|Any CPU
		{E6AB2E43-D853-F208-D9A8-DBADEE0F40B8}.Release|Any CPU.Build.0 = Release|Any CPU
		{7201BF3C-AF82-4D5E-BA02-1EDE4F197809}.Debug|Any CPU.ActiveCfg = Debug|Any CPU
		{7201BF3C-AF82-4D5E-BA02-1EDE4F197809}.Debug|Any CPU.Build.0 = Debug|Any CPU
		{7201BF3C-AF82-4D5E-BA02-1EDE4F197809}.Release|Any CPU.ActiveCfg = Release|Any CPU
		{7201BF3C-AF82-4D5E-BA02-1EDE4F197809}.Release|Any CPU.Build.0 = Release|Any CPU
		{AE2FA1BC-9093-F766-CD46-D0459A26DB3B}.Debug|Any CPU.ActiveCfg = Debug|Any CPU
		{AE2FA1BC-9093-F766-CD46-D0459A26DB3B}.Debug|Any CPU.Build.0 = Debug|Any CPU
		{AE2FA1BC-9093-F766-CD46-D0459A26DB3B}.Release|Any CPU.ActiveCfg = Release|Any CPU
		{AE2FA1BC-9093-F766-CD46-D0459A26DB3B}.Release|Any CPU.Build.0 = Release|Any CPU
		{08475E84-2255-1867-2E04-77B77699B5C0}.Debug|Any CPU.ActiveCfg = Debug|Any CPU
		{08475E84-2255-1867-2E04-77B77699B5C0}.Debug|Any CPU.Build.0 = Debug|Any CPU
		{08475E84-2255-1867-2E04-77B77699B5C0}.Release|Any CPU.ActiveCfg = Release|Any CPU
		{08475E84-2255-1867-2E04-77B77699B5C0}.Release|Any CPU.Build.0 = Release|Any CPU
		{C2BE9946-F64C-5796-0229-A1DB2E4DDCAF}.Debug|Any CPU.ActiveCfg = Debug|Any CPU
		{C2BE9946-F64C-5796-0229-A1DB2E4DDCAF}.Debug|Any CPU.Build.0 = Debug|Any CPU
		{C2BE9946-F64C-5796-0229-A1DB2E4DDCAF}.Release|Any CPU.ActiveCfg = Release|Any CPU
		{C2BE9946-F64C-5796-0229-A1DB2E4DDCAF}.Release|Any CPU.Build.0 = Release|Any CPU
		{8F78B3A2-9662-65A5-AD93-B45546DF929C}.Debug|Any CPU.ActiveCfg = Debug|Any CPU
		{8F78B3A2-9662-65A5-AD93-B45546DF929C}.Debug|Any CPU.Build.0 = Debug|Any CPU
		{8F78B3A2-9662-65A5-AD93-B45546DF929C}.Release|Any CPU.ActiveCfg = Release|Any CPU
		{8F78B3A2-9662-65A5-AD93-B45546DF929C}.Release|Any CPU.Build.0 = Release|Any CPU
		{28889E00-9EE0-9516-AE23-0586C6509EB9}.Debug|Any CPU.ActiveCfg = Debug|Any CPU
		{28889E00-9EE0-9516-AE23-0586C6509EB9}.Debug|Any CPU.Build.0 = Debug|Any CPU
		{28889E00-9EE0-9516-AE23-0586C6509EB9}.Release|Any CPU.ActiveCfg = Release|Any CPU
		{28889E00-9EE0-9516-AE23-0586C6509EB9}.Release|Any CPU.Build.0 = Release|Any CPU
		{8960F35D-CF04-429A-5CA7-464B97E805FB}.Debug|Any CPU.ActiveCfg = Debug|Any CPU
		{8960F35D-CF04-429A-5CA7-464B97E805FB}.Debug|Any CPU.Build.0 = Debug|Any CPU
		{8960F35D-CF04-429A-5CA7-464B97E805FB}.Release|Any CPU.ActiveCfg = Release|Any CPU
		{8960F35D-CF04-429A-5CA7-464B97E805FB}.Release|Any CPU.Build.0 = Release|Any CPU
		{3E38396B-BD11-48B2-4204-4681AB94F585}.Debug|Any CPU.ActiveCfg = Debug|Any CPU
		{3E38396B-BD11-48B2-4204-4681AB94F585}.Debug|Any CPU.Build.0 = Debug|Any CPU
		{3E38396B-BD11-48B2-4204-4681AB94F585}.Release|Any CPU.ActiveCfg = Release|Any CPU
		{3E38396B-BD11-48B2-4204-4681AB94F585}.Release|Any CPU.Build.0 = Release|Any CPU
		{40ED1A6D-43FA-DF38-7E54-6B9D09792574}.Debug|Any CPU.ActiveCfg = Debug|Any CPU
		{40ED1A6D-43FA-DF38-7E54-6B9D09792574}.Debug|Any CPU.Build.0 = Debug|Any CPU
		{40ED1A6D-43FA-DF38-7E54-6B9D09792574}.Release|Any CPU.ActiveCfg = Release|Any CPU
		{40ED1A6D-43FA-DF38-7E54-6B9D09792574}.Release|Any CPU.Build.0 = Release|Any CPU
		{5B7CC8EC-5CCC-47D4-62FB-0C5B2675EB58}.Debug|Any CPU.ActiveCfg = Debug|Any CPU
		{5B7CC8EC-5CCC-47D4-62FB-0C5B2675EB58}.Debug|Any CPU.Build.0 = Debug|Any CPU
		{5B7CC8EC-5CCC-47D4-62FB-0C5B2675EB58}.Release|Any CPU.ActiveCfg = Release|Any CPU
		{5B7CC8EC-5CCC-47D4-62FB-0C5B2675EB58}.Release|Any CPU.Build.0 = Release|Any CPU
		{C6EC234A-9070-E9FD-9338-B9AF0C02AD2F}.Debug|Any CPU.ActiveCfg = Debug|Any CPU
		{C6EC234A-9070-E9FD-9338-B9AF0C02AD2F}.Debug|Any CPU.Build.0 = Debug|Any CPU
		{C6EC234A-9070-E9FD-9338-B9AF0C02AD2F}.Release|Any CPU.ActiveCfg = Release|Any CPU
		{C6EC234A-9070-E9FD-9338-B9AF0C02AD2F}.Release|Any CPU.Build.0 = Release|Any CPU
		{A7D1606F-EFD9-052C-3940-9397FDCA49D7}.Debug|Any CPU.ActiveCfg = Debug|Any CPU
		{A7D1606F-EFD9-052C-3940-9397FDCA49D7}.Debug|Any CPU.Build.0 = Debug|Any CPU
		{A7D1606F-EFD9-052C-3940-9397FDCA49D7}.Release|Any CPU.ActiveCfg = Release|Any CPU
		{A7D1606F-EFD9-052C-3940-9397FDCA49D7}.Release|Any CPU.Build.0 = Release|Any CPU
		{58689A9D-B4EC-B6B3-F6C9-7B67A9D7D4B4}.Debug|Any CPU.ActiveCfg = Debug|Any CPU
		{58689A9D-B4EC-B6B3-F6C9-7B67A9D7D4B4}.Debug|Any CPU.Build.0 = Debug|Any CPU
		{58689A9D-B4EC-B6B3-F6C9-7B67A9D7D4B4}.Release|Any CPU.ActiveCfg = Release|Any CPU
		{58689A9D-B4EC-B6B3-F6C9-7B67A9D7D4B4}.Release|Any CPU.Build.0 = Release|Any CPU
		{0FB03A03-89AA-7564-D610-8A8A5FCFA334}.Debug|Any CPU.ActiveCfg = Debug|Any CPU
		{0FB03A03-89AA-7564-D610-8A8A5FCFA334}.Debug|Any CPU.Build.0 = Debug|Any CPU
		{0FB03A03-89AA-7564-D610-8A8A5FCFA334}.Release|Any CPU.ActiveCfg = Release|Any CPU
		{0FB03A03-89AA-7564-D610-8A8A5FCFA334}.Release|Any CPU.Build.0 = Release|Any CPU
		{5FD3FFCC-FDC4-064E-9164-7E1393DC3C81}.Debug|Any CPU.ActiveCfg = Debug|Any CPU
		{5FD3FFCC-FDC4-064E-9164-7E1393DC3C81}.Debug|Any CPU.Build.0 = Debug|Any CPU
		{5FD3FFCC-FDC4-064E-9164-7E1393DC3C81}.Release|Any CPU.ActiveCfg = Release|Any CPU
		{5FD3FFCC-FDC4-064E-9164-7E1393DC3C81}.Release|Any CPU.Build.0 = Release|Any CPU
		{8E912846-E864-3231-1090-E7EC6CE9736C}.Debug|Any CPU.ActiveCfg = Debug|Any CPU
		{8E912846-E864-3231-1090-E7EC6CE9736C}.Debug|Any CPU.Build.0 = Debug|Any CPU
		{8E912846-E864-3231-1090-E7EC6CE9736C}.Release|Any CPU.ActiveCfg = Release|Any CPU
		{8E912846-E864-3231-1090-E7EC6CE9736C}.Release|Any CPU.Build.0 = Release|Any CPU
		{9E54E89F-6020-0074-83EB-FB12022D87E4}.Debug|Any CPU.ActiveCfg = Debug|Any CPU
		{9E54E89F-6020-0074-83EB-FB12022D87E4}.Debug|Any CPU.Build.0 = Debug|Any CPU
		{9E54E89F-6020-0074-83EB-FB12022D87E4}.Release|Any CPU.ActiveCfg = Release|Any CPU
		{9E54E89F-6020-0074-83EB-FB12022D87E4}.Release|Any CPU.Build.0 = Release|Any CPU
		{EC8E3BC2-152C-AD4B-0930-D966942B1470}.Debug|Any CPU.ActiveCfg = Debug|Any CPU
		{EC8E3BC2-152C-AD4B-0930-D966942B1470}.Debug|Any CPU.Build.0 = Debug|Any CPU
		{EC8E3BC2-152C-AD4B-0930-D966942B1470}.Release|Any CPU.ActiveCfg = Release|Any CPU
		{EC8E3BC2-152C-AD4B-0930-D966942B1470}.Release|Any CPU.Build.0 = Release|Any CPU
		{7DDCA16A-7057-7AF7-1E00-D087E2A0DEF4}.Debug|Any CPU.ActiveCfg = Debug|Any CPU
		{7DDCA16A-7057-7AF7-1E00-D087E2A0DEF4}.Debug|Any CPU.Build.0 = Debug|Any CPU
		{7DDCA16A-7057-7AF7-1E00-D087E2A0DEF4}.Release|Any CPU.ActiveCfg = Release|Any CPU
		{7DDCA16A-7057-7AF7-1E00-D087E2A0DEF4}.Release|Any CPU.Build.0 = Release|Any CPU
		{E8E0A4BF-230A-626F-CCD5-8A154D20064C}.Debug|Any CPU.ActiveCfg = Debug|Any CPU
		{E8E0A4BF-230A-626F-CCD5-8A154D20064C}.Debug|Any CPU.Build.0 = Debug|Any CPU
		{E8E0A4BF-230A-626F-CCD5-8A154D20064C}.Release|Any CPU.ActiveCfg = Release|Any CPU
		{E8E0A4BF-230A-626F-CCD5-8A154D20064C}.Release|Any CPU.Build.0 = Release|Any CPU
		{02DDDB8F-5A3C-6843-9B43-FABE326F0A5B}.Debug|Any CPU.ActiveCfg = Debug|Any CPU
		{02DDDB8F-5A3C-6843-9B43-FABE326F0A5B}.Debug|Any CPU.Build.0 = Debug|Any CPU
		{02DDDB8F-5A3C-6843-9B43-FABE326F0A5B}.Release|Any CPU.ActiveCfg = Release|Any CPU
		{02DDDB8F-5A3C-6843-9B43-FABE326F0A5B}.Release|Any CPU.Build.0 = Release|Any CPU
		{D5B5C071-74C4-4E78-113C-425CC79F5AD5}.Debug|Any CPU.ActiveCfg = Debug|Any CPU
		{D5B5C071-74C4-4E78-113C-425CC79F5AD5}.Debug|Any CPU.Build.0 = Debug|Any CPU
		{D5B5C071-74C4-4E78-113C-425CC79F5AD5}.Release|Any CPU.ActiveCfg = Release|Any CPU
		{D5B5C071-74C4-4E78-113C-425CC79F5AD5}.Release|Any CPU.Build.0 = Release|Any CPU
		{364E7E49-6F1C-A792-08F4-40D268CCF15B}.Debug|Any CPU.ActiveCfg = Debug|Any CPU
		{364E7E49-6F1C-A792-08F4-40D268CCF15B}.Debug|Any CPU.Build.0 = Debug|Any CPU
		{364E7E49-6F1C-A792-08F4-40D268CCF15B}.Release|Any CPU.ActiveCfg = Release|Any CPU
		{364E7E49-6F1C-A792-08F4-40D268CCF15B}.Release|Any CPU.Build.0 = Release|Any CPU
		{41FD09F8-35A9-F855-FF79-243026ACD03D}.Debug|Any CPU.ActiveCfg = Debug|Any CPU
		{41FD09F8-35A9-F855-FF79-243026ACD03D}.Debug|Any CPU.Build.0 = Debug|Any CPU
		{41FD09F8-35A9-F855-FF79-243026ACD03D}.Release|Any CPU.ActiveCfg = Release|Any CPU
		{41FD09F8-35A9-F855-FF79-243026ACD03D}.Release|Any CPU.Build.0 = Release|Any CPU
		{E2C2F977-132F-628D-4611-24253551ED51}.Debug|Any CPU.ActiveCfg = Debug|Any CPU
		{E2C2F977-132F-628D-4611-24253551ED51}.Debug|Any CPU.Build.0 = Debug|Any CPU
		{E2C2F977-132F-628D-4611-24253551ED51}.Release|Any CPU.ActiveCfg = Release|Any CPU
		{E2C2F977-132F-628D-4611-24253551ED51}.Release|Any CPU.Build.0 = Release|Any CPU
		{7A01B68B-B1A2-A682-A54E-D66ED63A49AF}.Debug|Any CPU.ActiveCfg = Debug|Any CPU
		{7A01B68B-B1A2-A682-A54E-D66ED63A49AF}.Debug|Any CPU.Build.0 = Debug|Any CPU
		{7A01B68B-B1A2-A682-A54E-D66ED63A49AF}.Release|Any CPU.ActiveCfg = Release|Any CPU
		{7A01B68B-B1A2-A682-A54E-D66ED63A49AF}.Release|Any CPU.Build.0 = Release|Any CPU
		{BB9C870B-45C8-05A2-0E77-D5383E0EEAC2}.Debug|Any CPU.ActiveCfg = Debug|Any CPU
		{BB9C870B-45C8-05A2-0E77-D5383E0EEAC2}.Debug|Any CPU.Build.0 = Debug|Any CPU
		{BB9C870B-45C8-05A2-0E77-D5383E0EEAC2}.Release|Any CPU.ActiveCfg = Release|Any CPU
		{BB9C870B-45C8-05A2-0E77-D5383E0EEAC2}.Release|Any CPU.Build.0 = Release|Any CPU
		{8D01665D-2C87-28C2-1199-BCB4E7607F94}.Debug|Any CPU.ActiveCfg = Debug|Any CPU
		{8D01665D-2C87-28C2-1199-BCB4E7607F94}.Debug|Any CPU.Build.0 = Debug|Any CPU
		{8D01665D-2C87-28C2-1199-BCB4E7607F94}.Release|Any CPU.ActiveCfg = Release|Any CPU
		{8D01665D-2C87-28C2-1199-BCB4E7607F94}.Release|Any CPU.Build.0 = Release|Any CPU
		{21BE9557-0092-1128-04F8-57FE36A2BCA0}.Debug|Any CPU.ActiveCfg = Debug|Any CPU
		{21BE9557-0092-1128-04F8-57FE36A2BCA0}.Debug|Any CPU.Build.0 = Debug|Any CPU
		{21BE9557-0092-1128-04F8-57FE36A2BCA0}.Release|Any CPU.ActiveCfg = Release|Any CPU
		{21BE9557-0092-1128-04F8-57FE36A2BCA0}.Release|Any CPU.Build.0 = Release|Any CPU
		{6C7FA694-59CB-23DD-7D31-3033C41BFB20}.Debug|Any CPU.ActiveCfg = Debug|Any CPU
		{6C7FA694-59CB-23DD-7D31-3033C41BFB20}.Debug|Any CPU.Build.0 = Debug|Any CPU
		{6C7FA694-59CB-23DD-7D31-3033C41BFB20}.Release|Any CPU.ActiveCfg = Release|Any CPU
		{6C7FA694-59CB-23DD-7D31-3033C41BFB20}.Release|Any CPU.Build.0 = Release|Any CPU
		{7095CAB6-1AC3-3C9F-03BA-98C94BA7218C}.Debug|Any CPU.ActiveCfg = Debug|Any CPU
		{7095CAB6-1AC3-3C9F-03BA-98C94BA7218C}.Debug|Any CPU.Build.0 = Debug|Any CPU
		{7095CAB6-1AC3-3C9F-03BA-98C94BA7218C}.Release|Any CPU.ActiveCfg = Release|Any CPU
		{7095CAB6-1AC3-3C9F-03BA-98C94BA7218C}.Release|Any CPU.Build.0 = Release|Any CPU
		{20CB950A-F8AA-F4F7-BE6A-42BEB7A85A54}.Debug|Any CPU.ActiveCfg = Debug|Any CPU
		{20CB950A-F8AA-F4F7-BE6A-42BEB7A85A54}.Debug|Any CPU.Build.0 = Debug|Any CPU
		{20CB950A-F8AA-F4F7-BE6A-42BEB7A85A54}.Release|Any CPU.ActiveCfg = Release|Any CPU
		{20CB950A-F8AA-F4F7-BE6A-42BEB7A85A54}.Release|Any CPU.Build.0 = Release|Any CPU
		{252A72E7-E98E-4FC1-17C6-687E9A21C8BC}.Debug|Any CPU.ActiveCfg = Debug|Any CPU
		{252A72E7-E98E-4FC1-17C6-687E9A21C8BC}.Debug|Any CPU.Build.0 = Debug|Any CPU
		{252A72E7-E98E-4FC1-17C6-687E9A21C8BC}.Release|Any CPU.ActiveCfg = Release|Any CPU
		{252A72E7-E98E-4FC1-17C6-687E9A21C8BC}.Release|Any CPU.Build.0 = Release|Any CPU
		{D8D4BCE2-5CF0-B6D5-628E-063B68DD056A}.Debug|Any CPU.ActiveCfg = Debug|Any CPU
		{D8D4BCE2-5CF0-B6D5-628E-063B68DD056A}.Debug|Any CPU.Build.0 = Debug|Any CPU
		{D8D4BCE2-5CF0-B6D5-628E-063B68DD056A}.Release|Any CPU.ActiveCfg = Release|Any CPU
		{D8D4BCE2-5CF0-B6D5-628E-063B68DD056A}.Release|Any CPU.Build.0 = Release|Any CPU
		{A9736713-A265-73F4-821D-7205D1595822}.Debug|Any CPU.ActiveCfg = Debug|Any CPU
		{A9736713-A265-73F4-821D-7205D1595822}.Debug|Any CPU.Build.0 = Debug|Any CPU
		{A9736713-A265-73F4-821D-7205D1595822}.Release|Any CPU.ActiveCfg = Release|Any CPU
		{A9736713-A265-73F4-821D-7205D1595822}.Release|Any CPU.Build.0 = Release|Any CPU
		{111B849D-946C-9AB5-645C-6C62333DA16D}.Debug|Any CPU.ActiveCfg = Debug|Any CPU
		{111B849D-946C-9AB5-645C-6C62333DA16D}.Debug|Any CPU.Build.0 = Debug|Any CPU
		{111B849D-946C-9AB5-645C-6C62333DA16D}.Release|Any CPU.ActiveCfg = Release|Any CPU
		{111B849D-946C-9AB5-645C-6C62333DA16D}.Release|Any CPU.Build.0 = Release|Any CPU
		{0DDF1C4F-51E8-1666-6438-B242A55C620F}.Debug|Any CPU.ActiveCfg = Debug|Any CPU
		{0DDF1C4F-51E8-1666-6438-B242A55C620F}.Debug|Any CPU.Build.0 = Debug|Any CPU
		{0DDF1C4F-51E8-1666-6438-B242A55C620F}.Release|Any CPU.ActiveCfg = Release|Any CPU
		{0DDF1C4F-51E8-1666-6438-B242A55C620F}.Release|Any CPU.Build.0 = Release|Any CPU
		{BD11F4CC-DC5A-4A06-B618-FC6B5956DDA1}.Debug|Any CPU.ActiveCfg = Debug|Any CPU
		{BD11F4CC-DC5A-4A06-B618-FC6B5956DDA1}.Debug|Any CPU.Build.0 = Debug|Any CPU
		{BD11F4CC-DC5A-4A06-B618-FC6B5956DDA1}.Release|Any CPU.ActiveCfg = Release|Any CPU
		{BD11F4CC-DC5A-4A06-B618-FC6B5956DDA1}.Release|Any CPU.Build.0 = Release|Any CPU
		{721D0DF5-D0A0-FD40-6C93-9A796E0C7717}.Debug|Any CPU.ActiveCfg = Debug|Any CPU
		{721D0DF5-D0A0-FD40-6C93-9A796E0C7717}.Debug|Any CPU.Build.0 = Debug|Any CPU
		{721D0DF5-D0A0-FD40-6C93-9A796E0C7717}.Release|Any CPU.ActiveCfg = Release|Any CPU
		{721D0DF5-D0A0-FD40-6C93-9A796E0C7717}.Release|Any CPU.Build.0 = Release|Any CPU
		{FEB4D927-C768-D3A2-3C3B-894586ACDFF9}.Debug|Any CPU.ActiveCfg = Debug|Any CPU
		{FEB4D927-C768-D3A2-3C3B-894586ACDFF9}.Debug|Any CPU.Build.0 = Debug|Any CPU
		{FEB4D927-C768-D3A2-3C3B-894586ACDFF9}.Release|Any CPU.ActiveCfg = Release|Any CPU
		{FEB4D927-C768-D3A2-3C3B-894586ACDFF9}.Release|Any CPU.Build.0 = Release|Any CPU
		{96282C01-979A-CCF3-37F2-0FE0510A79C6}.Debug|Any CPU.ActiveCfg = Debug|Any CPU
		{96282C01-979A-CCF3-37F2-0FE0510A79C6}.Debug|Any CPU.Build.0 = Debug|Any CPU
		{96282C01-979A-CCF3-37F2-0FE0510A79C6}.Release|Any CPU.ActiveCfg = Release|Any CPU
		{96282C01-979A-CCF3-37F2-0FE0510A79C6}.Release|Any CPU.Build.0 = Release|Any CPU
		{53F9DCE8-628A-37CD-C8E3-4DED18A7B82A}.Debug|Any CPU.ActiveCfg = Debug|Any CPU
		{53F9DCE8-628A-37CD-C8E3-4DED18A7B82A}.Debug|Any CPU.Build.0 = Debug|Any CPU
		{53F9DCE8-628A-37CD-C8E3-4DED18A7B82A}.Release|Any CPU.ActiveCfg = Release|Any CPU
		{53F9DCE8-628A-37CD-C8E3-4DED18A7B82A}.Release|Any CPU.Build.0 = Release|Any CPU
		{B1786E8A-2851-0139-0020-31AE66EC42CB}.Debug|Any CPU.ActiveCfg = Debug|Any CPU
		{B1786E8A-2851-0139-0020-31AE66EC42CB}.Debug|Any CPU.Build.0 = Debug|Any CPU
		{B1786E8A-2851-0139-0020-31AE66EC42CB}.Release|Any CPU.ActiveCfg = Release|Any CPU
		{B1786E8A-2851-0139-0020-31AE66EC42CB}.Release|Any CPU.Build.0 = Release|Any CPU
		{9A29F189-2488-72DE-27FF-745F95ED64A6}.Debug|Any CPU.ActiveCfg = Debug|Any CPU
		{9A29F189-2488-72DE-27FF-745F95ED64A6}.Debug|Any CPU.Build.0 = Debug|Any CPU
		{9A29F189-2488-72DE-27FF-745F95ED64A6}.Release|Any CPU.ActiveCfg = Release|Any CPU
		{9A29F189-2488-72DE-27FF-745F95ED64A6}.Release|Any CPU.Build.0 = Release|Any CPU
		{761CBC75-3727-FA93-97BA-DDBA7D56B7D7}.Debug|Any CPU.ActiveCfg = Debug|Any CPU
		{761CBC75-3727-FA93-97BA-DDBA7D56B7D7}.Debug|Any CPU.Build.0 = Debug|Any CPU
		{761CBC75-3727-FA93-97BA-DDBA7D56B7D7}.Release|Any CPU.ActiveCfg = Release|Any CPU
		{761CBC75-3727-FA93-97BA-DDBA7D56B7D7}.Release|Any CPU.Build.0 = Release|Any CPU
		{193344F0-45E5-53B0-22A0-406A73F20540}.Debug|Any CPU.ActiveCfg = Debug|Any CPU
		{193344F0-45E5-53B0-22A0-406A73F20540}.Debug|Any CPU.Build.0 = Debug|Any CPU
		{193344F0-45E5-53B0-22A0-406A73F20540}.Release|Any CPU.ActiveCfg = Release|Any CPU
		{193344F0-45E5-53B0-22A0-406A73F20540}.Release|Any CPU.Build.0 = Release|Any CPU
		{27AC9202-E787-27BE-F432-829494820533}.Debug|Any CPU.ActiveCfg = Debug|Any CPU
		{27AC9202-E787-27BE-F432-829494820533}.Debug|Any CPU.Build.0 = Debug|Any CPU
		{27AC9202-E787-27BE-F432-829494820533}.Release|Any CPU.ActiveCfg = Release|Any CPU
		{27AC9202-E787-27BE-F432-829494820533}.Release|Any CPU.Build.0 = Release|Any CPU
		{6B1473A7-3DD4-326D-1DA5-123370CF5238}.Debug|Any CPU.ActiveCfg = Debug|Any CPU
		{6B1473A7-3DD4-326D-1DA5-123370CF5238}.Debug|Any CPU.Build.0 = Debug|Any CPU
		{6B1473A7-3DD4-326D-1DA5-123370CF5238}.Release|Any CPU.ActiveCfg = Release|Any CPU
		{6B1473A7-3DD4-326D-1DA5-123370CF5238}.Release|Any CPU.Build.0 = Release|Any CPU
		{221F9ECE-FA39-80CD-5AAE-4D32D9DA6535}.Debug|Any CPU.ActiveCfg = Debug|Any CPU
		{221F9ECE-FA39-80CD-5AAE-4D32D9DA6535}.Debug|Any CPU.Build.0 = Debug|Any CPU
		{221F9ECE-FA39-80CD-5AAE-4D32D9DA6535}.Release|Any CPU.ActiveCfg = Release|Any CPU
		{221F9ECE-FA39-80CD-5AAE-4D32D9DA6535}.Release|Any CPU.Build.0 = Release|Any CPU
		{13B4E228-C200-E4FA-35E2-9C7EBAA44171}.Debug|Any CPU.ActiveCfg = Debug|Any CPU
		{13B4E228-C200-E4FA-35E2-9C7EBAA44171}.Debug|Any CPU.Build.0 = Debug|Any CPU
		{13B4E228-C200-E4FA-35E2-9C7EBAA44171}.Release|Any CPU.ActiveCfg = Release|Any CPU
		{13B4E228-C200-E4FA-35E2-9C7EBAA44171}.Release|Any CPU.Build.0 = Release|Any CPU
	EndGlobalSection
	GlobalSection(SolutionProperties) = preSolution
		HideSolutionNode = FALSE
	EndGlobalSection
	GlobalSection(NestedProjects) = preSolution
		{CBF163AB-E100-9D94-D049-15280FAF5A7C} = {17245595-230B-9055-A944-863F0DDDA8E8}
		{E6AB2E43-D853-F208-D9A8-DBADEE0F40B8} = {17245595-230B-9055-A944-863F0DDDA8E8}
		{7201BF3C-AF82-4D5E-BA02-1EDE4F197809} = {808186BE-9BD0-DD1D-D574-36EEAD1E7F8F}
		{AE2FA1BC-9093-F766-CD46-D0459A26DB3B} = {808186BE-9BD0-DD1D-D574-36EEAD1E7F8F}
		{08475E84-2255-1867-2E04-77B77699B5C0} = {0AB3BF05-4346-4AA6-1389-037BE0695223}
		{C2BE9946-F64C-5796-0229-A1DB2E4DDCAF} = {0AB3BF05-4346-4AA6-1389-037BE0695223}
		{8F78B3A2-9662-65A5-AD93-B45546DF929C} = {0AB3BF05-4346-4AA6-1389-037BE0695223}
		{28889E00-9EE0-9516-AE23-0586C6509EB9} = {0AB3BF05-4346-4AA6-1389-037BE0695223}
		{8960F35D-CF04-429A-5CA7-464B97E805FB} = {0AB3BF05-4346-4AA6-1389-037BE0695223}
		{3E38396B-BD11-48B2-4204-4681AB94F585} = {0AB3BF05-4346-4AA6-1389-037BE0695223}
		{40ED1A6D-43FA-DF38-7E54-6B9D09792574} = {0AB3BF05-4346-4AA6-1389-037BE0695223}
		{5B7CC8EC-5CCC-47D4-62FB-0C5B2675EB58} = {0AB3BF05-4346-4AA6-1389-037BE0695223}
		{C6EC234A-9070-E9FD-9338-B9AF0C02AD2F} = {0AB3BF05-4346-4AA6-1389-037BE0695223}
		{A7D1606F-EFD9-052C-3940-9397FDCA49D7} = {0AB3BF05-4346-4AA6-1389-037BE0695223}
		{C4A1AFC1-1F6A-E553-E811-ECCF1AFD16E9} = {72EF5EB1-B308-CD20-4E1B-89C2486FD9E1}
		{58689A9D-B4EC-B6B3-F6C9-7B67A9D7D4B4} = {C4A1AFC1-1F6A-E553-E811-ECCF1AFD16E9}
		{0FB03A03-89AA-7564-D610-8A8A5FCFA334} = {C4A1AFC1-1F6A-E553-E811-ECCF1AFD16E9}
		{5FD3FFCC-FDC4-064E-9164-7E1393DC3C81} = {C4A1AFC1-1F6A-E553-E811-ECCF1AFD16E9}
		{D9113255-348E-05CC-FDC8-9DAAFFBF5292} = {72EF5EB1-B308-CD20-4E1B-89C2486FD9E1}
		{8E912846-E864-3231-1090-E7EC6CE9736C} = {D9113255-348E-05CC-FDC8-9DAAFFBF5292}
		{9E54E89F-6020-0074-83EB-FB12022D87E4} = {D9113255-348E-05CC-FDC8-9DAAFFBF5292}
		{05A0C3A8-4AF1-A092-DEC5-1A48C82DD361} = {72EF5EB1-B308-CD20-4E1B-89C2486FD9E1}
		{EC8E3BC2-152C-AD4B-0930-D966942B1470} = {05A0C3A8-4AF1-A092-DEC5-1A48C82DD361}
		{7DDCA16A-7057-7AF7-1E00-D087E2A0DEF4} = {05A0C3A8-4AF1-A092-DEC5-1A48C82DD361}
		{D0101B2F-C8EB-8A71-6244-4EB6FBC35800} = {72EF5EB1-B308-CD20-4E1B-89C2486FD9E1}
		{E8E0A4BF-230A-626F-CCD5-8A154D20064C} = {D0101B2F-C8EB-8A71-6244-4EB6FBC35800}
		{02DDDB8F-5A3C-6843-9B43-FABE326F0A5B} = {D0101B2F-C8EB-8A71-6244-4EB6FBC35800}
		{3E2AAE3B-6596-4BAF-BA7E-25EDB6EA9D86} = {72EF5EB1-B308-CD20-4E1B-89C2486FD9E1}
		{D5B5C071-74C4-4E78-113C-425CC79F5AD5} = {3E2AAE3B-6596-4BAF-BA7E-25EDB6EA9D86}
		{364E7E49-6F1C-A792-08F4-40D268CCF15B} = {3E2AAE3B-6596-4BAF-BA7E-25EDB6EA9D86}
		{B2684410-3E19-EFAF-EE16-242187DA0922} = {72EF5EB1-B308-CD20-4E1B-89C2486FD9E1}
		{41FD09F8-35A9-F855-FF79-243026ACD03D} = {B2684410-3E19-EFAF-EE16-242187DA0922}
		{E2C2F977-132F-628D-4611-24253551ED51} = {B2684410-3E19-EFAF-EE16-242187DA0922}
		{C12CC272-35D7-29E6-787C-8674A9CEFDD7} = {72EF5EB1-B308-CD20-4E1B-89C2486FD9E1}
		{7A01B68B-B1A2-A682-A54E-D66ED63A49AF} = {C12CC272-35D7-29E6-787C-8674A9CEFDD7}
		{BB9C870B-45C8-05A2-0E77-D5383E0EEAC2} = {C12CC272-35D7-29E6-787C-8674A9CEFDD7}
		{0AD236F7-1751-C92E-F22D-C113A5EFC04D} = {72EF5EB1-B308-CD20-4E1B-89C2486FD9E1}
		{8D01665D-2C87-28C2-1199-BCB4E7607F94} = {0AD236F7-1751-C92E-F22D-C113A5EFC04D}
		{21BE9557-0092-1128-04F8-57FE36A2BCA0} = {0AD236F7-1751-C92E-F22D-C113A5EFC04D}
		{CA7E1200-C8C1-4280-CF0F-847164547639} = {72EF5EB1-B308-CD20-4E1B-89C2486FD9E1}
		{6C7FA694-59CB-23DD-7D31-3033C41BFB20} = {CA7E1200-C8C1-4280-CF0F-847164547639}
		{7095CAB6-1AC3-3C9F-03BA-98C94BA7218C} = {CA7E1200-C8C1-4280-CF0F-847164547639}
		{CE145698-30C4-2BD4-D424-A45184758F42} = {5A177B4B-6BD0-B7EC-F049-C9C04D6D229D}
		{20CB950A-F8AA-F4F7-BE6A-42BEB7A85A54} = {CE145698-30C4-2BD4-D424-A45184758F42}
		{252A72E7-E98E-4FC1-17C6-687E9A21C8BC} = {CE145698-30C4-2BD4-D424-A45184758F42}
		{D8D4BCE2-5CF0-B6D5-628E-063B68DD056A} = {CE145698-30C4-2BD4-D424-A45184758F42}
		{64739CDF-6304-7991-5358-08924E134F7F} = {5A177B4B-6BD0-B7EC-F049-C9C04D6D229D}
		{A9736713-A265-73F4-821D-7205D1595822} = {64739CDF-6304-7991-5358-08924E134F7F}
		{111B849D-946C-9AB5-645C-6C62333DA16D} = {64739CDF-6304-7991-5358-08924E134F7F}
		{F46EB1E6-557F-8E18-C884-7F8EF5779DA6} = {5A177B4B-6BD0-B7EC-F049-C9C04D6D229D}
		{0DDF1C4F-51E8-1666-6438-B242A55C620F} = {F46EB1E6-557F-8E18-C884-7F8EF5779DA6}
		{BD11F4CC-DC5A-4A06-B618-FC6B5956DDA1} = {F46EB1E6-557F-8E18-C884-7F8EF5779DA6}
		{AE6F5B9C-219E-635F-A071-F1E55FDB7950} = {5A177B4B-6BD0-B7EC-F049-C9C04D6D229D}
		{721D0DF5-D0A0-FD40-6C93-9A796E0C7717} = {AE6F5B9C-219E-635F-A071-F1E55FDB7950}
		{FEB4D927-C768-D3A2-3C3B-894586ACDFF9} = {AE6F5B9C-219E-635F-A071-F1E55FDB7950}
		{E2630450-42FC-E5F1-B81F-FA5AE5DC2CC3} = {5A177B4B-6BD0-B7EC-F049-C9C04D6D229D}
		{96282C01-979A-CCF3-37F2-0FE0510A79C6} = {E2630450-42FC-E5F1-B81F-FA5AE5DC2CC3}
		{53F9DCE8-628A-37CD-C8E3-4DED18A7B82A} = {E2630450-42FC-E5F1-B81F-FA5AE5DC2CC3}
		{DB31C158-1DAA-FD78-F516-CF76BE50B425} = {5A177B4B-6BD0-B7EC-F049-C9C04D6D229D}
		{B1786E8A-2851-0139-0020-31AE66EC42CB} = {DB31C158-1DAA-FD78-F516-CF76BE50B425}
		{9A29F189-2488-72DE-27FF-745F95ED64A6} = {DB31C158-1DAA-FD78-F516-CF76BE50B425}
		{5F097AF3-BCEB-3711-B73D-25868EFD0DD8} = {5A177B4B-6BD0-B7EC-F049-C9C04D6D229D}
		{761CBC75-3727-FA93-97BA-DDBA7D56B7D7} = {5F097AF3-BCEB-3711-B73D-25868EFD0DD8}
		{193344F0-45E5-53B0-22A0-406A73F20540} = {5F097AF3-BCEB-3711-B73D-25868EFD0DD8}
		{F6550FFD-F0B8-FFE5-6DAA-DE9174224B3A} = {5A177B4B-6BD0-B7EC-F049-C9C04D6D229D}
		{27AC9202-E787-27BE-F432-829494820533} = {F6550FFD-F0B8-FFE5-6DAA-DE9174224B3A}
		{6B1473A7-3DD4-326D-1DA5-123370CF5238} = {F6550FFD-F0B8-FFE5-6DAA-DE9174224B3A}
		{F4BB2B83-F153-25D2-BD52-9C2D45B4FA6E} = {5A177B4B-6BD0-B7EC-F049-C9C04D6D229D}
		{221F9ECE-FA39-80CD-5AAE-4D32D9DA6535} = {F4BB2B83-F153-25D2-BD52-9C2D45B4FA6E}
		{13B4E228-C200-E4FA-35E2-9C7EBAA44171} = {F4BB2B83-F153-25D2-BD52-9C2D45B4FA6E}
	EndGlobalSection
	GlobalSection(ExtensibilityGlobals) = postSolution
		SolutionGuid = {D10BD190-454B-43D3-8562-1589B28A3E5F}
	EndGlobalSection
EndGlobal
